
Microsoft Visual Studio Solution File, Format Version 12.00
# Visual Studio Version 16
VisualStudioVersion = 16.0.31105.61
MinimumVisualStudioVersion = 10.0.40219.1
Project("{FAE04EC0-301F-11D3-BF4B-00C04F79EFBC}") = "HangHoa", "HangHoa\HangHoa.csproj", "{CA85DCE0-AF7E-40EC-95CF-0C6D57386DCF}"
EndProject
Global
	GlobalSection(SolutionConfigurationPlatforms) = preSolution
		Debug|Any CPU = Debug|Any CPU
		Release|Any CPU = Release|Any CPU
	EndGlobalSection
	GlobalSection(ProjectConfigurationPlatforms) = postSolution
		{CA85DCE0-AF7E-40EC-95CF-0C6D57386DCF}.Debug|Any CPU.ActiveCfg = Debug|Any CPU
		{CA85DCE0-AF7E-40EC-95CF-0C6D57386DCF}.Debug|Any CPU.Build.0 = Debug|Any CPU
		{CA85DCE0-AF7E-40EC-95CF-0C6D57386DCF}.Release|Any CPU.ActiveCfg = Release|Any CPU
		{CA85DCE0-AF7E-40EC-95CF-0C6D57386DCF}.Release|Any CPU.Build.0 = Release|Any CPU
	EndGlobalSection
	GlobalSection(SolutionProperties) = preSolution
		HideSolutionNode = FALSE
	EndGlobalSection
	GlobalSection(ExtensibilityGlobals) = postSolution
		SolutionGuid = {B2807DF5-0FB1-4FD8-A273-B87946EC6EDE}
	EndGlobalSection
EndGlobal
